
Microsoft Visual Studio Solution File, Format Version 12.00
# Visual Studio Version 16
VisualStudioVersion = 16.0.31829.152
MinimumVisualStudioVersion = 10.0.40219.1
Project("{FAE04EC0-301F-11D3-BF4B-00C04F79EFBC}") = "SingleThreadScanningPort", "SingleThreadScanningPort.csproj", "{BBCEAFB1-01FD-4A66-A536-34F9D868054D}"
EndProject
Project("{FAE04EC0-301F-11D3-BF4B-00C04F79EFBC}") = "MultithreadingScanningPort", "..\SingleThreadScanningPort\MultithreadingScanningPort.csproj", "{22F7801E-61DB-4CB7-8823-AC92DB123658}"
EndProject
Global
	GlobalSection(SolutionConfigurationPlatforms) = preSolution
		Debug|Any CPU = Debug|Any CPU
		Release|Any CPU = Release|Any CPU
	EndGlobalSection
	GlobalSection(ProjectConfigurationPlatforms) = postSolution
		{BBCEAFB1-01FD-4A66-A536-34F9D868054D}.Debug|Any CPU.ActiveCfg = Debug|Any CPU
		{BBCEAFB1-01FD-4A66-A536-34F9D868054D}.Debug|Any CPU.Build.0 = Debug|Any CPU
		{BBCEAFB1-01FD-4A66-A536-34F9D868054D}.Release|Any CPU.ActiveCfg = Release|Any CPU
		{BBCEAFB1-01FD-4A66-A536-34F9D868054D}.Release|Any CPU.Build.0 = Release|Any CPU
		{22F7801E-61DB-4CB7-8823-AC92DB123658}.Debug|Any CPU.ActiveCfg = Debug|Any CPU
		{22F7801E-61DB-4CB7-8823-AC92DB123658}.Debug|Any CPU.Build.0 = Debug|Any CPU
		{22F7801E-61DB-4CB7-8823-AC92DB123658}.Release|Any CPU.ActiveCfg = Release|Any CPU
		{22F7801E-61DB-4CB7-8823-AC92DB123658}.Release|Any CPU.Build.0 = Release|Any CPU
	EndGlobalSection
	GlobalSection(SolutionProperties) = preSolution
		HideSolutionNode = FALSE
	EndGlobalSection
	GlobalSection(ExtensibilityGlobals) = postSolution
		SolutionGuid = {57C6E441-1BD6-457D-A25E-8AACB7A75235}
	EndGlobalSection
EndGlobal
